{
  "requires": true,
  "lockfileVersion": 1,
  "dependencies": {
    "angulartics2": {
      "version": "7.2.0",
      "resolved": "https://registry.npmjs.org/angulartics2/-/angulartics2-7.2.0.tgz",
      "integrity": "sha512-kyxDjIgeqdz7ly9W2K7ISnCpSSimqqlGY6q0yhsige5Jd8t5UeE2s3GoJL6u0JbWkM4uxLXZ0VYedQulVusJQg==",
      "dev": true,
      "requires": {
        "tslib": "^1.9.0"
      }
    },
    "tslib": {
      "version": "1.9.3",
      "resolved": "https://registry.npmjs.org/tslib/-/tslib-1.9.3.tgz",
      "integrity": "sha512-4krF8scpejhaOgqzBEcGM7yDIEfi0/8+8zDRZhNZZ2kjmHJ4hv3zCbQWxoJGz1iw5U0Jl0nma13xzHXcncMavQ==",
      "dev": true
    }
  }
}
